// !$*UTF8*$!
{
	archiveVersion = 1;
	classes = {
	};
	objectVersion = 46;
	objects = {

/* Begin PBXBuildFile section */
		8862F9611C66C0A8005F4585 /* John Bakker - HE!.mp3 in Resources */ = {isa = PBXBuildFile; fileRef = 8862F9601C66C0A8005F4585 /* John Bakker - HE!.mp3 */; };
		8862F9631C66C130005F4585 /* John Bakker - Herrie staat zo hard.mp3 in Resources */ = {isa = PBXBuildFile; fileRef = 8862F9621C66C130005F4585 /* John Bakker - Herrie staat zo hard.mp3 */; };
		8862F9651C66C1D4005F4585 /* John Bakker - Hij doet het weer.mp3 in Resources */ = {isa = PBXBuildFile; fileRef = 8862F9641C66C1D4005F4585 /* John Bakker - Hij doet het weer.mp3 */; };
		8862F9671C66C232005F4585 /* John Bakker - Ja Goeie vraag eigenlijk.mp3 in Resources */ = {isa = PBXBuildFile; fileRef = 8862F9661C66C232005F4585 /* John Bakker - Ja Goeie vraag eigenlijk.mp3 */; };
		8862F9691C66C2B9005F4585 /* John Bakker - Ehh jaa.mp3 in Resources */ = {isa = PBXBuildFile; fileRef = 8862F9681C66C2B9005F4585 /* John Bakker - Ehh jaa.mp3 */; };
		8862F96B1C66C2F2005F4585 /* John Bakker - Man zit met hand in haar.mp3 in Resources */ = {isa = PBXBuildFile; fileRef = 8862F96A1C66C2F2005F4585 /* John Bakker - Man zit met hand in haar.mp3 */; };
		8862F96D1C66C364005F4585 /* John Bakker - Was er al bang voor.mp3 in Resources */ = {isa = PBXBuildFile; fileRef = 8862F96C1C66C364005F4585 /* John Bakker - Was er al bang voor.mp3 */; };
		8862F96F1C66C394005F4585 /* John Bakker - Nee niet echt.mp3 in Resources */ = {isa = PBXBuildFile; fileRef = 8862F96E1C66C394005F4585 /* John Bakker - Nee niet echt.mp3 */; };
		8862F9711C66C3F2005F4585 /* John Bakker - Ja2.mp3 in Resources */ = {isa = PBXBuildFile; fileRef = 8862F9701C66C3F2005F4585 /* John Bakker - Ja2.mp3 */; };
		8862F9731C66C418005F4585 /* John Bakker - Ja1.mp3 in Resources */ = {isa = PBXBuildFile; fileRef = 8862F9721C66C418005F4585 /* John Bakker - Ja1.mp3 */; };
		8862F9751C66C469005F4585 /* John Bakker - Ja inderdaad.mp3 in Resources */ = {isa = PBXBuildFile; fileRef = 8862F9741C66C469005F4585 /* John Bakker - Ja inderdaad.mp3 */; };
		8862F9771C66C4A1005F4585 /* John Bakker - Goedemorgen.mp3 in Resources */ = {isa = PBXBuildFile; fileRef = 8862F9761C66C4A1005F4585 /* John Bakker - Goedemorgen.mp3 */; };
		8862F9791C66C527005F4585 /* John Bakker - Eh mogelijkheid niet uitgesloten.mp3 in Resources */ = {isa = PBXBuildFile; fileRef = 8862F9781C66C527005F4585 /* John Bakker - Eh mogelijkheid niet uitgesloten.mp3 */; };
		8862F97B1C66C53B005F4585 /* John Bakker - Eh nee nee.mp3 in Resources */ = {isa = PBXBuildFile; fileRef = 8862F97A1C66C53B005F4585 /* John Bakker - Eh nee nee.mp3 */; };
		8862F97D1C66C551005F4585 /* John Bakker - Ja eigenlijk wel he.mp3 in Resources */ = {isa = PBXBuildFile; fileRef = 8862F97C1C66C551005F4585 /* John Bakker - Ja eigenlijk wel he.mp3 */; };
		8862F97F1C66C569005F4585 /* John Bakker - Ja kan je wel stellen ja.mp3 in Resources */ = {isa = PBXBuildFile; fileRef = 8862F97E1C66C569005F4585 /* John Bakker - Ja kan je wel stellen ja.mp3 */; };
		8862F9811C66C574005F4585 /* John Bakker - Ja sorry.mp3 in Resources */ = {isa = PBXBuildFile; fileRef = 8862F9801C66C574005F4585 /* John Bakker - Ja sorry.mp3 */; };
		8862F9831C66C57C005F4585 /* John Bakker - Ja zoiets maar dan nog erger.mp3 in Resources */ = {isa = PBXBuildFile; fileRef = 8862F9821C66C57C005F4585 /* John Bakker - Ja zoiets maar dan nog erger.mp3 */; };
		8862F9851C66C584005F4585 /* John Bakker - Keiharde Porno.mp3 in Resources */ = {isa = PBXBuildFile; fileRef = 8862F9841C66C584005F4585 /* John Bakker - Keiharde Porno.mp3 */; };
		8862F9871C66C58D005F4585 /* John Bakker - Moet nog vanalles doen vanmiddag.mp3 in Resources */ = {isa = PBXBuildFile; fileRef = 8862F9861C66C58D005F4585 /* John Bakker - Moet nog vanalles doen vanmiddag.mp3 */; };
		8862F9891C66C5B5005F4585 /* John Bakker - Ja doen we.mp3 in Resources */ = {isa = PBXBuildFile; fileRef = 8862F9881C66C5B5005F4585 /* John Bakker - Ja doen we.mp3 */; };
		88B856291B681704006AC8BD /* 40degrees.mp3 in Resources */ = {isa = PBXBuildFile; fileRef = 88B856221B681704006AC8BD /* 40degrees.mp3 */; };
		88B8562A1B681704006AC8BD /* cliniclowns.mp3 in Resources */ = {isa = PBXBuildFile; fileRef = 88B856231B681704006AC8BD /* cliniclowns.mp3 */; };
		88B8562B1B681704006AC8BD /* daarwordiknietvrolijkvan.mp3 in Resources */ = {isa = PBXBuildFile; fileRef = 88B856241B681704006AC8BD /* daarwordiknietvrolijkvan.mp3 */; };
		88B8562C1B681704006AC8BD /* donttouchmehe.mp3 in Resources */ = {isa = PBXBuildFile; fileRef = 88B856251B681704006AC8BD /* donttouchmehe.mp3 */; };
		88B8562D1B681704006AC8BD /* koekeratsja.mp3 in Resources */ = {isa = PBXBuildFile; fileRef = 88B856261B681704006AC8BD /* koekeratsja.mp3 */; };
		88B8562E1B681704006AC8BD /* speakyouenglish.mp3 in Resources */ = {isa = PBXBuildFile; fileRef = 88B856271B681704006AC8BD /* speakyouenglish.mp3 */; };
		88B8562F1B681704006AC8BD /* whyisheoutwhy.mp3 in Resources */ = {isa = PBXBuildFile; fileRef = 88B856281B681704006AC8BD /* whyisheoutwhy.mp3 */; };
		D055B34918057ED400B3CDAF /* 20th_century_fox.mp3 in Resources */ = {isa = PBXBuildFile; fileRef = D055B34818057ED400B3CDAF /* 20th_century_fox.mp3 */; };
		D0883DCF17D7A57F00F613FA /* Cocoa.framework in Frameworks */ = {isa = PBXBuildFile; fileRef = D0883DCE17D7A57F00F613FA /* Cocoa.framework */; };
		D0883DD917D7A57F00F613FA /* InfoPlist.strings in Resources */ = {isa = PBXBuildFile; fileRef = D0883DD717D7A57F00F613FA /* InfoPlist.strings */; };
		D0883DDB17D7A57F00F613FA /* main.m in Sources */ = {isa = PBXBuildFile; fileRef = D0883DDA17D7A57F00F613FA /* main.m */; };
		D0883DDF17D7A57F00F613FA /* Credits.rtf in Resources */ = {isa = PBXBuildFile; fileRef = D0883DDD17D7A57F00F613FA /* Credits.rtf */; };
		D0883DE217D7A57F00F613FA /* PKRAppDelegate.m in Sources */ = {isa = PBXBuildFile; fileRef = D0883DE117D7A57F00F613FA /* PKRAppDelegate.m */; };
		D0883DE517D7A57F00F613FA /* MainMenu.xib in Resources */ = {isa = PBXBuildFile; fileRef = D0883DE317D7A57F00F613FA /* MainMenu.xib */; };
		D0883E0317D7B31200F613FA /* AVFoundation.framework in Frameworks */ = {isa = PBXBuildFile; fileRef = D0883E0217D7B31200F613FA /* AVFoundation.framework */; };
		D0883E0517D7B62100F613FA /* opgepast.mp3 in Resources */ = {isa = PBXBuildFile; fileRef = D0883E0417D7B62100F613FA /* opgepast.mp3 */; };
		D0C1300B1A161FF5009E9B68 /* Rimshot.mp3 in Resources */ = {isa = PBXBuildFile; fileRef = D0C12FFD1A161FF5009E9B68 /* Rimshot.mp3 */; };
		D0C1300C1A161FF5009E9B68 /* Needle.mp3 in Resources */ = {isa = PBXBuildFile; fileRef = D0C12FFE1A161FF5009E9B68 /* Needle.mp3 */; };
		D0C1300D1A161FF5009E9B68 /* Are you ready.mp3 in Resources */ = {isa = PBXBuildFile; fileRef = D0C12FFF1A161FF5009E9B68 /* Are you ready.mp3 */; };
		D0C1300E1A161FF5009E9B68 /* Lachband.mp3 in Resources */ = {isa = PBXBuildFile; fileRef = D0C130001A161FF5009E9B68 /* Lachband.mp3 */; };
		D0C1300F1A161FF5009E9B68 /* Hey Peter.mp3 in Resources */ = {isa = PBXBuildFile; fileRef = D0C130011A161FF5009E9B68 /* Hey Peter.mp3 */; };
		D0C130101A161FF5009E9B68 /* Doe eens normaal (Maroc).mp3 in Resources */ = {isa = PBXBuildFile; fileRef = D0C130021A161FF5009E9B68 /* Doe eens normaal (Maroc).mp3 */; };
		D0C130111A161FF5009E9B68 /* Ron Brandsteder lach.mp3 in Resources */ = {isa = PBXBuildFile; fileRef = D0C130031A161FF5009E9B68 /* Ron Brandsteder lach.mp3 */; };
		D0C130121A161FF5009E9B68 /* Porno.mp3 in Resources */ = {isa = PBXBuildFile; fileRef = D0C130041A161FF5009E9B68 /* Porno.mp3 */; };
		D0C130131A161FF5009E9B68 /* Crickets.mp3 in Resources */ = {isa = PBXBuildFile; fileRef = D0C130051A161FF5009E9B68 /* Crickets.mp3 */; };
		D0C130141A161FF5009E9B68 /* Man man man.mp3 in Resources */ = {isa = PBXBuildFile; fileRef = D0C130061A161FF5009E9B68 /* Man man man.mp3 */; };
		D0C130151A161FF5009E9B68 /* That's Another Cook.m4a in Resources */ = {isa = PBXBuildFile; fileRef = D0C130071A161FF5009E9B68 /* That's Another Cook.m4a */; };
		D0C130161A161FF5009E9B68 /* niet likken.mp3 in Resources */ = {isa = PBXBuildFile; fileRef = D0C130081A161FF5009E9B68 /* niet likken.mp3 */; };
		D0C130171A161FF5009E9B68 /* keiharde porno.mp3 in Resources */ = {isa = PBXBuildFile; fileRef = D0C130091A161FF5009E9B68 /* keiharde porno.mp3 */; };
		D0C130181A161FF5009E9B68 /* HIJ IES GEK!.mp3 in Resources */ = {isa = PBXBuildFile; fileRef = D0C1300A1A161FF5009E9B68 /* HIJ IES GEK!.mp3 */; };
		D0C130341A162B2E009E9B68 /* beer op de weg.mp3 in Resources */ = {isa = PBXBuildFile; fileRef = D0C1301B1A162B2E009E9B68 /* beer op de weg.mp3 */; };
		D0C130351A162B2E009E9B68 /* mouw vastknopen.mp3 in Resources */ = {isa = PBXBuildFile; fileRef = D0C1301C1A162B2E009E9B68 /* mouw vastknopen.mp3 */; };
		D0C130361A162B2E009E9B68 /* vliegen.mp3 in Resources */ = {isa = PBXBuildFile; fileRef = D0C1301D1A162B2E009E9B68 /* vliegen.mp3 */; };
		D0C130371A162B2E009E9B68 /* cyber.mp3 in Resources */ = {isa = PBXBuildFile; fileRef = D0C1301E1A162B2E009E9B68 /* cyber.mp3 */; };
		D0C130381A162B2E009E9B68 /* dat kan.mp3 in Resources */ = {isa = PBXBuildFile; fileRef = D0C1301F1A162B2E009E9B68 /* dat kan.mp3 */; };
		D0C130391A162B2E009E9B68 /* doosje plakken.mp3 in Resources */ = {isa = PBXBuildFile; fileRef = D0C130201A162B2E009E9B68 /* doosje plakken.mp3 */; };
		D0C1303A1A162B2E009E9B68 /* kan beter.mp3 in Resources */ = {isa = PBXBuildFile; fileRef = D0C130211A162B2E009E9B68 /* kan beter.mp3 */; };
		D0C1303B1A162B2E009E9B68 /* uit mijn hoofd.mp3 in Resources */ = {isa = PBXBuildFile; fileRef = D0C130221A162B2E009E9B68 /* uit mijn hoofd.mp3 */; };
		D0C1303C1A162B2E009E9B68 /* voetbal.mp3 in Resources */ = {isa = PBXBuildFile; fileRef = D0C130231A162B2E009E9B68 /* voetbal.mp3 */; };
		D0C1303D1A162B2E009E9B68 /* wie ben ik.mp3 in Resources */ = {isa = PBXBuildFile; fileRef = D0C130241A162B2E009E9B68 /* wie ben ik.mp3 */; };
		D0C1303E1A162B2E009E9B68 /* doe het niet.mp3 in Resources */ = {isa = PBXBuildFile; fileRef = D0C130251A162B2E009E9B68 /* doe het niet.mp3 */; };
		D0C1303F1A162B2E009E9B68 /* lamellen.mp3 in Resources */ = {isa = PBXBuildFile; fileRef = D0C130261A162B2E009E9B68 /* lamellen.mp3 */; };
		D0C130401A162B2E009E9B68 /* nutshell.mp3 in Resources */ = {isa = PBXBuildFile; fileRef = D0C130271A162B2E009E9B68 /* nutshell.mp3 */; };
		D0C130411A162B2E009E9B68 /* reactie.mp3 in Resources */ = {isa = PBXBuildFile; fileRef = D0C130281A162B2E009E9B68 /* reactie.mp3 */; };
		D0C130431A162B2E009E9B68 /* antwoord ja.mp3 in Resources */ = {isa = PBXBuildFile; fileRef = D0C1302A1A162B2E009E9B68 /* antwoord ja.mp3 */; };
		D0C130441A162B2E009E9B68 /* antwoord nee.mp3 in Resources */ = {isa = PBXBuildFile; fileRef = D0C1302B1A162B2E009E9B68 /* antwoord nee.mp3 */; };
		D0C130451A162B2E009E9B68 /* begrijp ik niet.mp3 in Resources */ = {isa = PBXBuildFile; fileRef = D0C1302C1A162B2E009E9B68 /* begrijp ik niet.mp3 */; };
		D0C130471A162B2E009E9B68 /* gat in de lucht.mp3 in Resources */ = {isa = PBXBuildFile; fileRef = D0C1302E1A162B2E009E9B68 /* gat in de lucht.mp3 */; };
		D0C130481A162B2E009E9B68 /* geen vluggertje.mp3 in Resources */ = {isa = PBXBuildFile; fileRef = D0C1302F1A162B2E009E9B68 /* geen vluggertje.mp3 */; };
		D0C130491A162B2E009E9B68 /* goed gelukt.mp3 in Resources */ = {isa = PBXBuildFile; fileRef = D0C130301A162B2E009E9B68 /* goed gelukt.mp3 */; };
		D0C1304A1A162B2E009E9B68 /* indruk.mp3 in Resources */ = {isa = PBXBuildFile; fileRef = D0C130311A162B2E009E9B68 /* indruk.mp3 */; };
		D0C1304B1A162B2E009E9B68 /* not amused.mp3 in Resources */ = {isa = PBXBuildFile; fileRef = D0C130321A162B2E009E9B68 /* not amused.mp3 */; };
		D0C130521A162CF6009E9B68 /* zero tolerance.mp3 in Resources */ = {isa = PBXBuildFile; fileRef = D0C1304F1A162CF6009E9B68 /* zero tolerance.mp3 */; };
		D0C130531A162CF6009E9B68 /* focus.mp3 in Resources */ = {isa = PBXBuildFile; fileRef = D0C130501A162CF6009E9B68 /* focus.mp3 */; };
		D0C130541A162CF6009E9B68 /* vraag.mp3 in Resources */ = {isa = PBXBuildFile; fileRef = D0C130511A162CF6009E9B68 /* vraag.mp3 */; };
		D0D1950B1A405D26008341B1 /* lekkergewerkt.mp3 in Resources */ = {isa = PBXBuildFile; fileRef = D0D1950A1A405D26008341B1 /* lekkergewerkt.mp3 */; };
		D0D4943D17DA5F7E00F84243 /* achteruit.mp3 in Resources */ = {isa = PBXBuildFile; fileRef = D0D4943017DA5F7E00F84243 /* achteruit.mp3 */; };
		D0D4943E17DA5F7E00F84243 /* allernieuwstespel.mp3 in Resources */ = {isa = PBXBuildFile; fileRef = D0D4943117DA5F7E00F84243 /* allernieuwstespel.mp3 */; };
		D0D4943F17DA5F7E00F84243 /* attention.mp3 in Resources */ = {isa = PBXBuildFile; fileRef = D0D4943217DA5F7E00F84243 /* attention.mp3 */; };
		D0D4944017DA5F7E00F84243 /* go.mp3 in Resources */ = {isa = PBXBuildFile; fileRef = D0D4943317DA5F7E00F84243 /* go.mp3 */; };
		D0D4944117DA5F7E00F84243 /* i feel good.mp3 in Resources */ = {isa = PBXBuildFile; fileRef = D0D4943417DA5F7E00F84243 /* i feel good.mp3 */; };
		D0D4944217DA5F7E00F84243 /* maak hier uw keuze.mp3 in Resources */ = {isa = PBXBuildFile; fileRef = D0D4943517DA5F7E00F84243 /* maak hier uw keuze.mp3 */; };
		D0D4944317DA5F7E00F84243 /* mexicaans.mp3 in Resources */ = {isa = PBXBuildFile; fileRef = D0D4943617DA5F7E00F84243 /* mexicaans.mp3 */; };
		D0D4944417DA5F7E00F84243 /* penningen.mp3 in Resources */ = {isa = PBXBuildFile; fileRef = D0D4943717DA5F7E00F84243 /* penningen.mp3 */; };
		D0D4944517DA5F7E00F84243 /* stoomboot.mp3 in Resources */ = {isa = PBXBuildFile; fileRef = D0D4943817DA5F7E00F84243 /* stoomboot.mp3 */; };
		D0D4944617DA5F7E00F84243 /* turbo.mp3 in Resources */ = {isa = PBXBuildFile; fileRef = D0D4943917DA5F7E00F84243 /* turbo.mp3 */; };
		D0D4944717DA5F7E00F84243 /* tuut tuut.mp3 in Resources */ = {isa = PBXBuildFile; fileRef = D0D4943A17DA5F7E00F84243 /* tuut tuut.mp3 */; };
		D0D4944817DA5F7E00F84243 /* winnaar.mp3 in Resources */ = {isa = PBXBuildFile; fileRef = D0D4943B17DA5F7E00F84243 /* winnaar.mp3 */; };
		D0D4944917DA5F7E00F84243 /* yiehoe.mp3 in Resources */ = {isa = PBXBuildFile; fileRef = D0D4943C17DA5F7E00F84243 /* yiehoe.mp3 */; };
		D0F2DC7617D860BF00BF9E92 /* icon.iconset in Resources */ = {isa = PBXBuildFile; fileRef = D0F2DC7517D860BF00BF9E92 /* icon.iconset */; };
		D0F2DC7E17D869A200BF9E92 /* statusbar_icon.png in Resources */ = {isa = PBXBuildFile; fileRef = D0F2DC7D17D869A200BF9E92 /* statusbar_icon.png */; };
/* End PBXBuildFile section */

/* Begin PBXFileReference section */
		8862F9601C66C0A8005F4585 /* John Bakker - HE!.mp3 */ = {isa = PBXFileReference; lastKnownFileType = audio.mp3; path = "John Bakker - HE!.mp3"; sourceTree = "<group>"; };
		8862F9621C66C130005F4585 /* John Bakker - Herrie staat zo hard.mp3 */ = {isa = PBXFileReference; lastKnownFileType = audio.mp3; path = "John Bakker - Herrie staat zo hard.mp3"; sourceTree = "<group>"; };
		8862F9641C66C1D4005F4585 /* John Bakker - Hij doet het weer.mp3 */ = {isa = PBXFileReference; lastKnownFileType = audio.mp3; path = "John Bakker - Hij doet het weer.mp3"; sourceTree = "<group>"; };
		8862F9661C66C232005F4585 /* John Bakker - Ja Goeie vraag eigenlijk.mp3 */ = {isa = PBXFileReference; lastKnownFileType = audio.mp3; path = "John Bakker - Ja Goeie vraag eigenlijk.mp3"; sourceTree = "<group>"; };
		8862F9681C66C2B9005F4585 /* John Bakker - Ehh jaa.mp3 */ = {isa = PBXFileReference; lastKnownFileType = audio.mp3; path = "John Bakker - Ehh jaa.mp3"; sourceTree = "<group>"; };
		8862F96A1C66C2F2005F4585 /* John Bakker - Man zit met hand in haar.mp3 */ = {isa = PBXFileReference; lastKnownFileType = audio.mp3; path = "John Bakker - Man zit met hand in haar.mp3"; sourceTree = "<group>"; };
		8862F96C1C66C364005F4585 /* John Bakker - Was er al bang voor.mp3 */ = {isa = PBXFileReference; lastKnownFileType = audio.mp3; path = "John Bakker - Was er al bang voor.mp3"; sourceTree = "<group>"; };
		8862F96E1C66C394005F4585 /* John Bakker - Nee niet echt.mp3 */ = {isa = PBXFileReference; lastKnownFileType = audio.mp3; path = "John Bakker - Nee niet echt.mp3"; sourceTree = "<group>"; };
		8862F9701C66C3F2005F4585 /* John Bakker - Ja2.mp3 */ = {isa = PBXFileReference; lastKnownFileType = audio.mp3; path = "John Bakker - Ja2.mp3"; sourceTree = "<group>"; };
		8862F9721C66C418005F4585 /* John Bakker - Ja1.mp3 */ = {isa = PBXFileReference; lastKnownFileType = audio.mp3; path = "John Bakker - Ja1.mp3"; sourceTree = "<group>"; };
		8862F9741C66C469005F4585 /* John Bakker - Ja inderdaad.mp3 */ = {isa = PBXFileReference; lastKnownFileType = audio.mp3; path = "John Bakker - Ja inderdaad.mp3"; sourceTree = "<group>"; };
		8862F9761C66C4A1005F4585 /* John Bakker - Goedemorgen.mp3 */ = {isa = PBXFileReference; lastKnownFileType = audio.mp3; path = "John Bakker - Goedemorgen.mp3"; sourceTree = "<group>"; };
		8862F9781C66C527005F4585 /* John Bakker - Eh mogelijkheid niet uitgesloten.mp3 */ = {isa = PBXFileReference; lastKnownFileType = audio.mp3; path = "John Bakker - Eh mogelijkheid niet uitgesloten.mp3"; sourceTree = "<group>"; };
		8862F97A1C66C53B005F4585 /* John Bakker - Eh nee nee.mp3 */ = {isa = PBXFileReference; lastKnownFileType = audio.mp3; path = "John Bakker - Eh nee nee.mp3"; sourceTree = "<group>"; };
		8862F97C1C66C551005F4585 /* John Bakker - Ja eigenlijk wel he.mp3 */ = {isa = PBXFileReference; lastKnownFileType = audio.mp3; path = "John Bakker - Ja eigenlijk wel he.mp3"; sourceTree = "<group>"; };
		8862F97E1C66C569005F4585 /* John Bakker - Ja kan je wel stellen ja.mp3 */ = {isa = PBXFileReference; lastKnownFileType = audio.mp3; path = "John Bakker - Ja kan je wel stellen ja.mp3"; sourceTree = "<group>"; };
		8862F9801C66C574005F4585 /* John Bakker - Ja sorry.mp3 */ = {isa = PBXFileReference; lastKnownFileType = audio.mp3; path = "John Bakker - Ja sorry.mp3"; sourceTree = "<group>"; };
		8862F9821C66C57C005F4585 /* John Bakker - Ja zoiets maar dan nog erger.mp3 */ = {isa = PBXFileReference; lastKnownFileType = audio.mp3; path = "John Bakker - Ja zoiets maar dan nog erger.mp3"; sourceTree = "<group>"; };
		8862F9841C66C584005F4585 /* John Bakker - Keiharde Porno.mp3 */ = {isa = PBXFileReference; lastKnownFileType = audio.mp3; path = "John Bakker - Keiharde Porno.mp3"; sourceTree = "<group>"; };
		8862F9861C66C58D005F4585 /* John Bakker - Moet nog vanalles doen vanmiddag.mp3 */ = {isa = PBXFileReference; lastKnownFileType = audio.mp3; path = "John Bakker - Moet nog vanalles doen vanmiddag.mp3"; sourceTree = "<group>"; };
		8862F9881C66C5B5005F4585 /* John Bakker - Ja doen we.mp3 */ = {isa = PBXFileReference; lastKnownFileType = audio.mp3; path = "John Bakker - Ja doen we.mp3"; sourceTree = "<group>"; };
		88B856221B681704006AC8BD /* 40degrees.mp3 */ = {isa = PBXFileReference; lastKnownFileType = audio.mp3; path = 40degrees.mp3; sourceTree = "<group>"; };
		88B856231B681704006AC8BD /* cliniclowns.mp3 */ = {isa = PBXFileReference; lastKnownFileType = audio.mp3; path = cliniclowns.mp3; sourceTree = "<group>"; };
		88B856241B681704006AC8BD /* daarwordiknietvrolijkvan.mp3 */ = {isa = PBXFileReference; lastKnownFileType = audio.mp3; path = daarwordiknietvrolijkvan.mp3; sourceTree = "<group>"; };
		88B856251B681704006AC8BD /* donttouchmehe.mp3 */ = {isa = PBXFileReference; lastKnownFileType = audio.mp3; path = donttouchmehe.mp3; sourceTree = "<group>"; };
		88B856261B681704006AC8BD /* koekeratsja.mp3 */ = {isa = PBXFileReference; lastKnownFileType = audio.mp3; path = koekeratsja.mp3; sourceTree = "<group>"; };
		88B856271B681704006AC8BD /* speakyouenglish.mp3 */ = {isa = PBXFileReference; lastKnownFileType = audio.mp3; path = speakyouenglish.mp3; sourceTree = "<group>"; };
		88B856281B681704006AC8BD /* whyisheoutwhy.mp3 */ = {isa = PBXFileReference; lastKnownFileType = audio.mp3; path = whyisheoutwhy.mp3; sourceTree = "<group>"; };
		D055B34818057ED400B3CDAF /* 20th_century_fox.mp3 */ = {isa = PBXFileReference; lastKnownFileType = audio.mp3; path = 20th_century_fox.mp3; sourceTree = "<group>"; };
		D0883DCB17D7A57F00F613FA /* Hidde Says.app */ = {isa = PBXFileReference; explicitFileType = wrapper.application; includeInIndex = 0; path = "Hidde Says.app"; sourceTree = BUILT_PRODUCTS_DIR; };
		D0883DCE17D7A57F00F613FA /* Cocoa.framework */ = {isa = PBXFileReference; lastKnownFileType = wrapper.framework; name = Cocoa.framework; path = System/Library/Frameworks/Cocoa.framework; sourceTree = SDKROOT; };
		D0883DD117D7A57F00F613FA /* AppKit.framework */ = {isa = PBXFileReference; lastKnownFileType = wrapper.framework; name = AppKit.framework; path = System/Library/Frameworks/AppKit.framework; sourceTree = SDKROOT; };
		D0883DD217D7A57F00F613FA /* CoreData.framework */ = {isa = PBXFileReference; lastKnownFileType = wrapper.framework; name = CoreData.framework; path = System/Library/Frameworks/CoreData.framework; sourceTree = SDKROOT; };
		D0883DD317D7A57F00F613FA /* Foundation.framework */ = {isa = PBXFileReference; lastKnownFileType = wrapper.framework; name = Foundation.framework; path = System/Library/Frameworks/Foundation.framework; sourceTree = SDKROOT; };
		D0883DD617D7A57F00F613FA /* Hidde Says-Info.plist */ = {isa = PBXFileReference; lastKnownFileType = text.plist.xml; path = "Hidde Says-Info.plist"; sourceTree = "<group>"; };
		D0883DD817D7A57F00F613FA /* en */ = {isa = PBXFileReference; lastKnownFileType = text.plist.strings; name = en; path = en.lproj/InfoPlist.strings; sourceTree = "<group>"; };
		D0883DDA17D7A57F00F613FA /* main.m */ = {isa = PBXFileReference; lastKnownFileType = sourcecode.c.objc; path = main.m; sourceTree = "<group>"; };
		D0883DDC17D7A57F00F613FA /* Hidde Says-Prefix.pch */ = {isa = PBXFileReference; lastKnownFileType = sourcecode.c.h; path = "Hidde Says-Prefix.pch"; sourceTree = "<group>"; };
		D0883DDE17D7A57F00F613FA /* en */ = {isa = PBXFileReference; lastKnownFileType = text.rtf; name = en; path = en.lproj/Credits.rtf; sourceTree = "<group>"; };
		D0883DE017D7A57F00F613FA /* PKRAppDelegate.h */ = {isa = PBXFileReference; lastKnownFileType = sourcecode.c.h; path = PKRAppDelegate.h; sourceTree = "<group>"; };
		D0883DE117D7A57F00F613FA /* PKRAppDelegate.m */ = {isa = PBXFileReference; lastKnownFileType = sourcecode.c.objc; path = PKRAppDelegate.m; sourceTree = "<group>"; };
		D0883DE417D7A57F00F613FA /* en */ = {isa = PBXFileReference; lastKnownFileType = file.xib; name = en; path = en.lproj/MainMenu.xib; sourceTree = "<group>"; };
		D0883DEC17D7A58000F613FA /* SenTestingKit.framework */ = {isa = PBXFileReference; lastKnownFileType = wrapper.framework; name = SenTestingKit.framework; path = Library/Frameworks/SenTestingKit.framework; sourceTree = DEVELOPER_DIR; };
		D0883E0217D7B31200F613FA /* AVFoundation.framework */ = {isa = PBXFileReference; lastKnownFileType = wrapper.framework; name = AVFoundation.framework; path = System/Library/Frameworks/AVFoundation.framework; sourceTree = SDKROOT; };
		D0883E0417D7B62100F613FA /* opgepast.mp3 */ = {isa = PBXFileReference; lastKnownFileType = audio.mp3; path = opgepast.mp3; sourceTree = "<group>"; };
		D0C12FFD1A161FF5009E9B68 /* Rimshot.mp3 */ = {isa = PBXFileReference; lastKnownFileType = audio.mp3; path = Rimshot.mp3; sourceTree = "<group>"; };
		D0C12FFE1A161FF5009E9B68 /* Needle.mp3 */ = {isa = PBXFileReference; lastKnownFileType = audio.mp3; path = Needle.mp3; sourceTree = "<group>"; };
		D0C12FFF1A161FF5009E9B68 /* Are you ready.mp3 */ = {isa = PBXFileReference; lastKnownFileType = audio.mp3; path = "Are you ready.mp3"; sourceTree = "<group>"; };
		D0C130001A161FF5009E9B68 /* Lachband.mp3 */ = {isa = PBXFileReference; lastKnownFileType = audio.mp3; path = Lachband.mp3; sourceTree = "<group>"; };
		D0C130011A161FF5009E9B68 /* Hey Peter.mp3 */ = {isa = PBXFileReference; lastKnownFileType = audio.mp3; path = "Hey Peter.mp3"; sourceTree = "<group>"; };
		D0C130021A161FF5009E9B68 /* Doe eens normaal (Maroc).mp3 */ = {isa = PBXFileReference; lastKnownFileType = audio.mp3; path = "Doe eens normaal (Maroc).mp3"; sourceTree = "<group>"; };
		D0C130031A161FF5009E9B68 /* Ron Brandsteder lach.mp3 */ = {isa = PBXFileReference; lastKnownFileType = audio.mp3; path = "Ron Brandsteder lach.mp3"; sourceTree = "<group>"; };
		D0C130041A161FF5009E9B68 /* Porno.mp3 */ = {isa = PBXFileReference; lastKnownFileType = audio.mp3; path = Porno.mp3; sourceTree = "<group>"; };
		D0C130051A161FF5009E9B68 /* Crickets.mp3 */ = {isa = PBXFileReference; lastKnownFileType = audio.mp3; path = Crickets.mp3; sourceTree = "<group>"; };
		D0C130061A161FF5009E9B68 /* Man man man.mp3 */ = {isa = PBXFileReference; lastKnownFileType = audio.mp3; path = "Man man man.mp3"; sourceTree = "<group>"; };
		D0C130071A161FF5009E9B68 /* That's Another Cook.m4a */ = {isa = PBXFileReference; lastKnownFileType = file; path = "That's Another Cook.m4a"; sourceTree = "<group>"; };
		D0C130081A161FF5009E9B68 /* niet likken.mp3 */ = {isa = PBXFileReference; lastKnownFileType = audio.mp3; path = "niet likken.mp3"; sourceTree = "<group>"; };
		D0C130091A161FF5009E9B68 /* keiharde porno.mp3 */ = {isa = PBXFileReference; lastKnownFileType = audio.mp3; path = "keiharde porno.mp3"; sourceTree = "<group>"; };
		D0C1300A1A161FF5009E9B68 /* HIJ IES GEK!.mp3 */ = {isa = PBXFileReference; lastKnownFileType = audio.mp3; path = "HIJ IES GEK!.mp3"; sourceTree = "<group>"; };
		D0C1301B1A162B2E009E9B68 /* beer op de weg.mp3 */ = {isa = PBXFileReference; lastKnownFileType = audio.mp3; path = "beer op de weg.mp3"; sourceTree = "<group>"; };
		D0C1301C1A162B2E009E9B68 /* mouw vastknopen.mp3 */ = {isa = PBXFileReference; lastKnownFileType = audio.mp3; path = "mouw vastknopen.mp3"; sourceTree = "<group>"; };
		D0C1301D1A162B2E009E9B68 /* vliegen.mp3 */ = {isa = PBXFileReference; lastKnownFileType = audio.mp3; path = vliegen.mp3; sourceTree = "<group>"; };
		D0C1301E1A162B2E009E9B68 /* cyber.mp3 */ = {isa = PBXFileReference; lastKnownFileType = audio.mp3; path = cyber.mp3; sourceTree = "<group>"; };
		D0C1301F1A162B2E009E9B68 /* dat kan.mp3 */ = {isa = PBXFileReference; lastKnownFileType = audio.mp3; path = "dat kan.mp3"; sourceTree = "<group>"; };
		D0C130201A162B2E009E9B68 /* doosje plakken.mp3 */ = {isa = PBXFileReference; lastKnownFileType = audio.mp3; path = "doosje plakken.mp3"; sourceTree = "<group>"; };
		D0C130211A162B2E009E9B68 /* kan beter.mp3 */ = {isa = PBXFileReference; lastKnownFileType = audio.mp3; path = "kan beter.mp3"; sourceTree = "<group>"; };
		D0C130221A162B2E009E9B68 /* uit mijn hoofd.mp3 */ = {isa = PBXFileReference; lastKnownFileType = audio.mp3; path = "uit mijn hoofd.mp3"; sourceTree = "<group>"; };
		D0C130231A162B2E009E9B68 /* voetbal.mp3 */ = {isa = PBXFileReference; lastKnownFileType = audio.mp3; path = voetbal.mp3; sourceTree = "<group>"; };
		D0C130241A162B2E009E9B68 /* wie ben ik.mp3 */ = {isa = PBXFileReference; lastKnownFileType = audio.mp3; path = "wie ben ik.mp3"; sourceTree = "<group>"; };
		D0C130251A162B2E009E9B68 /* doe het niet.mp3 */ = {isa = PBXFileReference; lastKnownFileType = audio.mp3; path = "doe het niet.mp3"; sourceTree = "<group>"; };
		D0C130261A162B2E009E9B68 /* lamellen.mp3 */ = {isa = PBXFileReference; lastKnownFileType = audio.mp3; path = lamellen.mp3; sourceTree = "<group>"; };
		D0C130271A162B2E009E9B68 /* nutshell.mp3 */ = {isa = PBXFileReference; lastKnownFileType = audio.mp3; path = nutshell.mp3; sourceTree = "<group>"; };
		D0C130281A162B2E009E9B68 /* reactie.mp3 */ = {isa = PBXFileReference; lastKnownFileType = audio.mp3; path = reactie.mp3; sourceTree = "<group>"; };
		D0C1302A1A162B2E009E9B68 /* antwoord ja.mp3 */ = {isa = PBXFileReference; lastKnownFileType = audio.mp3; path = "antwoord ja.mp3"; sourceTree = "<group>"; };
		D0C1302B1A162B2E009E9B68 /* antwoord nee.mp3 */ = {isa = PBXFileReference; lastKnownFileType = audio.mp3; path = "antwoord nee.mp3"; sourceTree = "<group>"; };
		D0C1302C1A162B2E009E9B68 /* begrijp ik niet.mp3 */ = {isa = PBXFileReference; lastKnownFileType = audio.mp3; path = "begrijp ik niet.mp3"; sourceTree = "<group>"; };
		D0C1302E1A162B2E009E9B68 /* gat in de lucht.mp3 */ = {isa = PBXFileReference; lastKnownFileType = audio.mp3; path = "gat in de lucht.mp3"; sourceTree = "<group>"; };
		D0C1302F1A162B2E009E9B68 /* geen vluggertje.mp3 */ = {isa = PBXFileReference; lastKnownFileType = audio.mp3; path = "geen vluggertje.mp3"; sourceTree = "<group>"; };
		D0C130301A162B2E009E9B68 /* goed gelukt.mp3 */ = {isa = PBXFileReference; lastKnownFileType = audio.mp3; path = "goed gelukt.mp3"; sourceTree = "<group>"; };
		D0C130311A162B2E009E9B68 /* indruk.mp3 */ = {isa = PBXFileReference; lastKnownFileType = audio.mp3; path = indruk.mp3; sourceTree = "<group>"; };
		D0C130321A162B2E009E9B68 /* not amused.mp3 */ = {isa = PBXFileReference; lastKnownFileType = audio.mp3; path = "not amused.mp3"; sourceTree = "<group>"; };
		D0C1304F1A162CF6009E9B68 /* zero tolerance.mp3 */ = {isa = PBXFileReference; lastKnownFileType = audio.mp3; path = "zero tolerance.mp3"; sourceTree = "<group>"; };
		D0C130501A162CF6009E9B68 /* focus.mp3 */ = {isa = PBXFileReference; lastKnownFileType = audio.mp3; path = focus.mp3; sourceTree = "<group>"; };
		D0C130511A162CF6009E9B68 /* vraag.mp3 */ = {isa = PBXFileReference; lastKnownFileType = audio.mp3; path = vraag.mp3; sourceTree = "<group>"; };
		D0D1950A1A405D26008341B1 /* lekkergewerkt.mp3 */ = {isa = PBXFileReference; lastKnownFileType = audio.mp3; path = lekkergewerkt.mp3; sourceTree = "<group>"; };
		D0D4943017DA5F7E00F84243 /* achteruit.mp3 */ = {isa = PBXFileReference; lastKnownFileType = audio.mp3; path = achteruit.mp3; sourceTree = "<group>"; };
		D0D4943117DA5F7E00F84243 /* allernieuwstespel.mp3 */ = {isa = PBXFileReference; lastKnownFileType = audio.mp3; path = allernieuwstespel.mp3; sourceTree = "<group>"; };
		D0D4943217DA5F7E00F84243 /* attention.mp3 */ = {isa = PBXFileReference; lastKnownFileType = audio.mp3; path = attention.mp3; sourceTree = "<group>"; };
		D0D4943317DA5F7E00F84243 /* go.mp3 */ = {isa = PBXFileReference; lastKnownFileType = audio.mp3; path = go.mp3; sourceTree = "<group>"; };
		D0D4943417DA5F7E00F84243 /* i feel good.mp3 */ = {isa = PBXFileReference; lastKnownFileType = audio.mp3; path = "i feel good.mp3"; sourceTree = "<group>"; };
		D0D4943517DA5F7E00F84243 /* maak hier uw keuze.mp3 */ = {isa = PBXFileReference; lastKnownFileType = audio.mp3; path = "maak hier uw keuze.mp3"; sourceTree = "<group>"; };
		D0D4943617DA5F7E00F84243 /* mexicaans.mp3 */ = {isa = PBXFileReference; lastKnownFileType = audio.mp3; path = mexicaans.mp3; sourceTree = "<group>"; };
		D0D4943717DA5F7E00F84243 /* penningen.mp3 */ = {isa = PBXFileReference; lastKnownFileType = audio.mp3; path = penningen.mp3; sourceTree = "<group>"; };
		D0D4943817DA5F7E00F84243 /* stoomboot.mp3 */ = {isa = PBXFileReference; lastKnownFileType = audio.mp3; path = stoomboot.mp3; sourceTree = "<group>"; };
		D0D4943917DA5F7E00F84243 /* turbo.mp3 */ = {isa = PBXFileReference; lastKnownFileType = audio.mp3; path = turbo.mp3; sourceTree = "<group>"; };
		D0D4943A17DA5F7E00F84243 /* tuut tuut.mp3 */ = {isa = PBXFileReference; lastKnownFileType = audio.mp3; path = "tuut tuut.mp3"; sourceTree = "<group>"; };
		D0D4943B17DA5F7E00F84243 /* winnaar.mp3 */ = {isa = PBXFileReference; lastKnownFileType = audio.mp3; path = winnaar.mp3; sourceTree = "<group>"; };
		D0D4943C17DA5F7E00F84243 /* yiehoe.mp3 */ = {isa = PBXFileReference; lastKnownFileType = audio.mp3; path = yiehoe.mp3; sourceTree = "<group>"; };
		D0F2DC7517D860BF00BF9E92 /* icon.iconset */ = {isa = PBXFileReference; lastKnownFileType = folder.iconset; path = icon.iconset; sourceTree = "<group>"; };
		D0F2DC7D17D869A200BF9E92 /* statusbar_icon.png */ = {isa = PBXFileReference; lastKnownFileType = image.png; path = statusbar_icon.png; sourceTree = "<group>"; };
/* End PBXFileReference section */

/* Begin PBXFrameworksBuildPhase section */
		D0883DC817D7A57F00F613FA /* Frameworks */ = {
			isa = PBXFrameworksBuildPhase;
			buildActionMask = 2147483647;
			files = (
				D0883E0317D7B31200F613FA /* AVFoundation.framework in Frameworks */,
				D0883DCF17D7A57F00F613FA /* Cocoa.framework in Frameworks */,
			);
			runOnlyForDeploymentPostprocessing = 0;
		};
/* End PBXFrameworksBuildPhase section */

/* Begin PBXGroup section */
		8862F95F1C66BF02005F4585 /* John */ = {
			isa = PBXGroup;
			children = (
				8862F9761C66C4A1005F4585 /* John Bakker - Goedemorgen.mp3 */,
				8862F9741C66C469005F4585 /* John Bakker - Ja inderdaad.mp3 */,
				8862F9721C66C418005F4585 /* John Bakker - Ja1.mp3 */,
				8862F9701C66C3F2005F4585 /* John Bakker - Ja2.mp3 */,
				8862F96E1C66C394005F4585 /* John Bakker - Nee niet echt.mp3 */,
				8862F96C1C66C364005F4585 /* John Bakker - Was er al bang voor.mp3 */,
				8862F96A1C66C2F2005F4585 /* John Bakker - Man zit met hand in haar.mp3 */,
				8862F9681C66C2B9005F4585 /* John Bakker - Ehh jaa.mp3 */,
				8862F9661C66C232005F4585 /* John Bakker - Ja Goeie vraag eigenlijk.mp3 */,
				8862F9641C66C1D4005F4585 /* John Bakker - Hij doet het weer.mp3 */,
				8862F9621C66C130005F4585 /* John Bakker - Herrie staat zo hard.mp3 */,
				8862F9601C66C0A8005F4585 /* John Bakker - HE!.mp3 */,
			);
			name = John;
			sourceTree = "<group>";
		};
		88B856211B6814F0006AC8BD /* Rob */ = {
			isa = PBXGroup;
			children = (
				88B856231B681704006AC8BD /* cliniclowns.mp3 */,
				88B856241B681704006AC8BD /* daarwordiknietvrolijkvan.mp3 */,
				88B856251B681704006AC8BD /* donttouchmehe.mp3 */,
				88B856261B681704006AC8BD /* koekeratsja.mp3 */,
				88B856271B681704006AC8BD /* speakyouenglish.mp3 */,
				88B856281B681704006AC8BD /* whyisheoutwhy.mp3 */,
				D0C130061A161FF5009E9B68 /* Man man man.mp3 */,
			);
			name = Rob;
			sourceTree = "<group>";
		};
		D0883DC217D7A57F00F613FA = {
			isa = PBXGroup;
			children = (
				D0883E0217D7B31200F613FA /* AVFoundation.framework */,
				D0883DD417D7A57F00F613FA /* Source */,
				D0F2DC8117D886C400BF9E92 /* UI */,
				D0883DCD17D7A57F00F613FA /* Frameworks */,
				D0883DCC17D7A57F00F613FA /* Products */,
			);
			sourceTree = "<group>";
		};
		D0883DCC17D7A57F00F613FA /* Products */ = {
			isa = PBXGroup;
			children = (
				D0883DCB17D7A57F00F613FA /* Hidde Says.app */,
			);
			name = Products;
			sourceTree = "<group>";
		};
		D0883DCD17D7A57F00F613FA /* Frameworks */ = {
			isa = PBXGroup;
			children = (
				D0883DCE17D7A57F00F613FA /* Cocoa.framework */,
				D0883DEC17D7A58000F613FA /* SenTestingKit.framework */,
				D0883DD017D7A57F00F613FA /* Other Frameworks */,
			);
			name = Frameworks;
			sourceTree = "<group>";
		};
		D0883DD017D7A57F00F613FA /* Other Frameworks */ = {
			isa = PBXGroup;
			children = (
				D0883DD117D7A57F00F613FA /* AppKit.framework */,
				D0883DD217D7A57F00F613FA /* CoreData.framework */,
				D0883DD317D7A57F00F613FA /* Foundation.framework */,
			);
			name = "Other Frameworks";
			sourceTree = "<group>";
		};
		D0883DD417D7A57F00F613FA /* Source */ = {
			isa = PBXGroup;
			children = (
				D0883DE017D7A57F00F613FA /* PKRAppDelegate.h */,
				D0883DE117D7A57F00F613FA /* PKRAppDelegate.m */,
				D0883E0617D7B62800F613FA /* Resources */,
				D0883DD517D7A57F00F613FA /* Supporting Files */,
			);
			name = Source;
			path = "Hidde Says";
			sourceTree = "<group>";
		};
		D0883DD517D7A57F00F613FA /* Supporting Files */ = {
			isa = PBXGroup;
			children = (
				D0F2DC7D17D869A200BF9E92 /* statusbar_icon.png */,
				D0F2DC7517D860BF00BF9E92 /* icon.iconset */,
				D0883DD617D7A57F00F613FA /* Hidde Says-Info.plist */,
				D0883DD717D7A57F00F613FA /* InfoPlist.strings */,
				D0883DDA17D7A57F00F613FA /* main.m */,
				D0883DDC17D7A57F00F613FA /* Hidde Says-Prefix.pch */,
				D0883DDD17D7A57F00F613FA /* Credits.rtf */,
			);
			name = "Supporting Files";
			sourceTree = "<group>";
		};
		D0883E0617D7B62800F613FA /* Resources */ = {
			isa = PBXGroup;
			children = (
				8862F95F1C66BF02005F4585 /* John */,
				88B856211B6814F0006AC8BD /* Rob */,
				D0C1304E1A162CD3009E9B68 /* Unused */,
				D0C1304D1A162B33009E9B68 /* Ivo */,
				D0C1301A1A162B17009E9B68 /* Various */,
				D0C130191A162B03009E9B68 /* Kermis */,
			);
			name = Resources;
			sourceTree = "<group>";
		};
		D0C130191A162B03009E9B68 /* Kermis */ = {
			isa = PBXGroup;
			children = (
				D0D4943017DA5F7E00F84243 /* achteruit.mp3 */,
				D0D4943117DA5F7E00F84243 /* allernieuwstespel.mp3 */,
				D0D4943217DA5F7E00F84243 /* attention.mp3 */,
				D0D4943317DA5F7E00F84243 /* go.mp3 */,
				D0D4943417DA5F7E00F84243 /* i feel good.mp3 */,
				D0D4943517DA5F7E00F84243 /* maak hier uw keuze.mp3 */,
				D0D4943617DA5F7E00F84243 /* mexicaans.mp3 */,
				D0883E0417D7B62100F613FA /* opgepast.mp3 */,
				D0D4943717DA5F7E00F84243 /* penningen.mp3 */,
				D0D4943817DA5F7E00F84243 /* stoomboot.mp3 */,
				D0D4943917DA5F7E00F84243 /* turbo.mp3 */,
				D0D4943A17DA5F7E00F84243 /* tuut tuut.mp3 */,
				D0D4943B17DA5F7E00F84243 /* winnaar.mp3 */,
				D0D4943C17DA5F7E00F84243 /* yiehoe.mp3 */,
			);
			name = Kermis;
			sourceTree = "<group>";
		};
		D0C1301A1A162B17009E9B68 /* Various */ = {
			isa = PBXGroup;
			children = (
				D0D1950A1A405D26008341B1 /* lekkergewerkt.mp3 */,
				D0C12FFD1A161FF5009E9B68 /* Rimshot.mp3 */,
				D0C12FFE1A161FF5009E9B68 /* Needle.mp3 */,
				D0C12FFF1A161FF5009E9B68 /* Are you ready.mp3 */,
				D0C130001A161FF5009E9B68 /* Lachband.mp3 */,
				D0C130011A161FF5009E9B68 /* Hey Peter.mp3 */,
				D0C130021A161FF5009E9B68 /* Doe eens normaal (Maroc).mp3 */,
				D0C130031A161FF5009E9B68 /* Ron Brandsteder lach.mp3 */,
				D0C130041A161FF5009E9B68 /* Porno.mp3 */,
				D0C130051A161FF5009E9B68 /* Crickets.mp3 */,
				D0C130071A161FF5009E9B68 /* That's Another Cook.m4a */,
				D0C130081A161FF5009E9B68 /* niet likken.mp3 */,
				D0C130091A161FF5009E9B68 /* keiharde porno.mp3 */,
				D0C1300A1A161FF5009E9B68 /* HIJ IES GEK!.mp3 */,
				D055B34818057ED400B3CDAF /* 20th_century_fox.mp3 */,
			);
			name = Various;
			sourceTree = "<group>";
		};
		D0C1304D1A162B33009E9B68 /* Ivo */ = {
			isa = PBXGroup;
			children = (
				D0C1302E1A162B2E009E9B68 /* gat in de lucht.mp3 */,
				D0C1301B1A162B2E009E9B68 /* beer op de weg.mp3 */,
				D0C1301C1A162B2E009E9B68 /* mouw vastknopen.mp3 */,
				D0C1301D1A162B2E009E9B68 /* vliegen.mp3 */,
				D0C130281A162B2E009E9B68 /* reactie.mp3 */,
				D0C130301A162B2E009E9B68 /* goed gelukt.mp3 */,
				D0C130251A162B2E009E9B68 /* doe het niet.mp3 */,
				D0C1301E1A162B2E009E9B68 /* cyber.mp3 */,
				D0C130241A162B2E009E9B68 /* wie ben ik.mp3 */,
				D0C130321A162B2E009E9B68 /* not amused.mp3 */,
				D0C130221A162B2E009E9B68 /* uit mijn hoofd.mp3 */,
				D0C130271A162B2E009E9B68 /* nutshell.mp3 */,
				D0C130201A162B2E009E9B68 /* doosje plakken.mp3 */,
				D0C130231A162B2E009E9B68 /* voetbal.mp3 */,
				D0C130261A162B2E009E9B68 /* lamellen.mp3 */,
				D0C1301F1A162B2E009E9B68 /* dat kan.mp3 */,
				D0C130211A162B2E009E9B68 /* kan beter.mp3 */,
				D0C1302A1A162B2E009E9B68 /* antwoord ja.mp3 */,
				D0C1302B1A162B2E009E9B68 /* antwoord nee.mp3 */,
			);
			name = Ivo;
			sourceTree = "<group>";
		};
		D0C1304E1A162CD3009E9B68 /* Unused */ = {
			isa = PBXGroup;
			children = (
				8862F9881C66C5B5005F4585 /* John Bakker - Ja doen we.mp3 */,
				8862F9861C66C58D005F4585 /* John Bakker - Moet nog vanalles doen vanmiddag.mp3 */,
				8862F9841C66C584005F4585 /* John Bakker - Keiharde Porno.mp3 */,
				8862F9821C66C57C005F4585 /* John Bakker - Ja zoiets maar dan nog erger.mp3 */,
				8862F9801C66C574005F4585 /* John Bakker - Ja sorry.mp3 */,
				8862F97E1C66C569005F4585 /* John Bakker - Ja kan je wel stellen ja.mp3 */,
				8862F97C1C66C551005F4585 /* John Bakker - Ja eigenlijk wel he.mp3 */,
				8862F97A1C66C53B005F4585 /* John Bakker - Eh nee nee.mp3 */,
				8862F9781C66C527005F4585 /* John Bakker - Eh mogelijkheid niet uitgesloten.mp3 */,
				88B856221B681704006AC8BD /* 40degrees.mp3 */,
				D0C1304F1A162CF6009E9B68 /* zero tolerance.mp3 */,
				D0C130501A162CF6009E9B68 /* focus.mp3 */,
				D0C130511A162CF6009E9B68 /* vraag.mp3 */,
				D0C1302C1A162B2E009E9B68 /* begrijp ik niet.mp3 */,
				D0C1302F1A162B2E009E9B68 /* geen vluggertje.mp3 */,
				D0C130311A162B2E009E9B68 /* indruk.mp3 */,
			);
			name = Unused;
			sourceTree = "<group>";
		};
		D0F2DC8117D886C400BF9E92 /* UI */ = {
			isa = PBXGroup;
			children = (
				D0883DE317D7A57F00F613FA /* MainMenu.xib */,
			);
			name = UI;
			path = "Hidde Says";
			sourceTree = "<group>";
		};
/* End PBXGroup section */

/* Begin PBXNativeTarget section */
		D0883DCA17D7A57F00F613FA /* Hidde Says */ = {
			isa = PBXNativeTarget;
			buildConfigurationList = D0883DFC17D7A58000F613FA /* Build configuration list for PBXNativeTarget "Hidde Says" */;
			buildPhases = (
				D0883DC717D7A57F00F613FA /* Sources */,
				D0883DC817D7A57F00F613FA /* Frameworks */,
				D0883DC917D7A57F00F613FA /* Resources */,
			);
			buildRules = (
			);
			dependencies = (
			);
			name = "Hidde Says";
			productName = "Hidde Says";
			productReference = D0883DCB17D7A57F00F613FA /* Hidde Says.app */;
			productType = "com.apple.product-type.application";
		};
/* End PBXNativeTarget section */

/* Begin PBXProject section */
		D0883DC317D7A57F00F613FA /* Project object */ = {
			isa = PBXProject;
			attributes = {
				CLASSPREFIX = PKR;
				LastUpgradeCheck = 0460;
				ORGANIZATIONNAME = "Peter Kruithof";
			};
			buildConfigurationList = D0883DC617D7A57F00F613FA /* Build configuration list for PBXProject "Hidde Says" */;
			compatibilityVersion = "Xcode 3.2";
			developmentRegion = English;
			hasScannedForEncodings = 0;
			knownRegions = (
				en,
			);
			mainGroup = D0883DC217D7A57F00F613FA;
			productRefGroup = D0883DCC17D7A57F00F613FA /* Products */;
			projectDirPath = "";
			projectRoot = "";
			targets = (
				D0883DCA17D7A57F00F613FA /* Hidde Says */,
			);
		};
/* End PBXProject section */

/* Begin PBXResourcesBuildPhase section */
		D0883DC917D7A57F00F613FA /* Resources */ = {
			isa = PBXResourcesBuildPhase;
			buildActionMask = 2147483647;
			files = (
				D0883DD917D7A57F00F613FA /* InfoPlist.strings in Resources */,
				D0883DDF17D7A57F00F613FA /* Credits.rtf in Resources */,
				D0C1300F1A161FF5009E9B68 /* Hey Peter.mp3 in Resources */,
				D0883DE517D7A57F00F613FA /* MainMenu.xib in Resources */,
				D0C1304B1A162B2E009E9B68 /* not amused.mp3 in Resources */,
				8862F9611C66C0A8005F4585 /* John Bakker - HE!.mp3 in Resources */,
				88B856291B681704006AC8BD /* 40degrees.mp3 in Resources */,
				88B8562C1B681704006AC8BD /* donttouchmehe.mp3 in Resources */,
				8862F9871C66C58D005F4585 /* John Bakker - Moet nog vanalles doen vanmiddag.mp3 in Resources */,
				8862F9791C66C527005F4585 /* John Bakker - Eh mogelijkheid niet uitgesloten.mp3 in Resources */,
				D0C130481A162B2E009E9B68 /* geen vluggertje.mp3 in Resources */,
				D0C130171A161FF5009E9B68 /* keiharde porno.mp3 in Resources */,
				D0883E0517D7B62100F613FA /* opgepast.mp3 in Resources */,
				D0C1300D1A161FF5009E9B68 /* Are you ready.mp3 in Resources */,
				88B8562F1B681704006AC8BD /* whyisheoutwhy.mp3 in Resources */,
				8862F9731C66C418005F4585 /* John Bakker - Ja1.mp3 in Resources */,
				D0F2DC7617D860BF00BF9E92 /* icon.iconset in Resources */,
				D0F2DC7E17D869A200BF9E92 /* statusbar_icon.png in Resources */,
				8862F96B1C66C2F2005F4585 /* John Bakker - Man zit met hand in haar.mp3 in Resources */,
				D0C1300E1A161FF5009E9B68 /* Lachband.mp3 in Resources */,
				D0C1303D1A162B2E009E9B68 /* wie ben ik.mp3 in Resources */,
				D0C130521A162CF6009E9B68 /* zero tolerance.mp3 in Resources */,
				88B8562B1B681704006AC8BD /* daarwordiknietvrolijkvan.mp3 in Resources */,
				8862F9811C66C574005F4585 /* John Bakker - Ja sorry.mp3 in Resources */,
				D0C130391A162B2E009E9B68 /* doosje plakken.mp3 in Resources */,
				D0C1303F1A162B2E009E9B68 /* lamellen.mp3 in Resources */,
				D0C130371A162B2E009E9B68 /* cyber.mp3 in Resources */,
				D0C130121A161FF5009E9B68 /* Porno.mp3 in Resources */,
				D0D4943D17DA5F7E00F84243 /* achteruit.mp3 in Resources */,
				D0C130381A162B2E009E9B68 /* dat kan.mp3 in Resources */,
				D0D4943E17DA5F7E00F84243 /* allernieuwstespel.mp3 in Resources */,
				D0C130431A162B2E009E9B68 /* antwoord ja.mp3 in Resources */,
				D0D4943F17DA5F7E00F84243 /* attention.mp3 in Resources */,
				8862F9831C66C57C005F4585 /* John Bakker - Ja zoiets maar dan nog erger.mp3 in Resources */,
				D0C1300B1A161FF5009E9B68 /* Rimshot.mp3 in Resources */,
				8862F9851C66C584005F4585 /* John Bakker - Keiharde Porno.mp3 in Resources */,
				D0C130131A161FF5009E9B68 /* Crickets.mp3 in Resources */,
				D0C130491A162B2E009E9B68 /* goed gelukt.mp3 in Resources */,
				D055B34918057ED400B3CDAF /* 20th_century_fox.mp3 in Resources */,
				8862F9631C66C130005F4585 /* John Bakker - Herrie staat zo hard.mp3 in Resources */,
				D0C130411A162B2E009E9B68 /* reactie.mp3 in Resources */,
				D0D4944017DA5F7E00F84243 /* go.mp3 in Resources */,
				D0C1303C1A162B2E009E9B68 /* voetbal.mp3 in Resources */,
				D0C130351A162B2E009E9B68 /* mouw vastknopen.mp3 in Resources */,
				8862F96F1C66C394005F4585 /* John Bakker - Nee niet echt.mp3 in Resources */,
				D0C130531A162CF6009E9B68 /* focus.mp3 in Resources */,
				8862F9711C66C3F2005F4585 /* John Bakker - Ja2.mp3 in Resources */,
				8862F9651C66C1D4005F4585 /* John Bakker - Hij doet het weer.mp3 in Resources */,
				D0D4944117DA5F7E00F84243 /* i feel good.mp3 in Resources */,
				D0C130451A162B2E009E9B68 /* begrijp ik niet.mp3 in Resources */,
				D0D4944217DA5F7E00F84243 /* maak hier uw keuze.mp3 in Resources */,
				8862F97D1C66C551005F4585 /* John Bakker - Ja eigenlijk wel he.mp3 in Resources */,
				8862F97B1C66C53B005F4585 /* John Bakker - Eh nee nee.mp3 in Resources */,
				D0C130141A161FF5009E9B68 /* Man man man.mp3 in Resources */,
				D0D4944317DA5F7E00F84243 /* mexicaans.mp3 in Resources */,
				8862F9691C66C2B9005F4585 /* John Bakker - Ehh jaa.mp3 in Resources */,
				D0C130181A161FF5009E9B68 /* HIJ IES GEK!.mp3 in Resources */,
				D0C1303E1A162B2E009E9B68 /* doe het niet.mp3 in Resources */,
				8862F9751C66C469005F4585 /* John Bakker - Ja inderdaad.mp3 in Resources */,
				D0C1304A1A162B2E009E9B68 /* indruk.mp3 in Resources */,
				D0C130151A161FF5009E9B68 /* That's Another Cook.m4a in Resources */,
				88B8562E1B681704006AC8BD /* speakyouenglish.mp3 in Resources */,
				D0C130401A162B2E009E9B68 /* nutshell.mp3 in Resources */,
				8862F9771C66C4A1005F4585 /* John Bakker - Goedemorgen.mp3 in Resources */,
				D0C1300C1A161FF5009E9B68 /* Needle.mp3 in Resources */,
				D0C130111A161FF5009E9B68 /* Ron Brandsteder lach.mp3 in Resources */,
				D0C130541A162CF6009E9B68 /* vraag.mp3 in Resources */,
				D0D4944417DA5F7E00F84243 /* penningen.mp3 in Resources */,
				D0D4944517DA5F7E00F84243 /* stoomboot.mp3 in Resources */,
				D0C130341A162B2E009E9B68 /* beer op de weg.mp3 in Resources */,
				D0D4944617DA5F7E00F84243 /* turbo.mp3 in Resources */,
				88B8562A1B681704006AC8BD /* cliniclowns.mp3 in Resources */,
				8862F96D1C66C364005F4585 /* John Bakker - Was er al bang voor.mp3 in Resources */,
				D0C130161A161FF5009E9B68 /* niet likken.mp3 in Resources */,
				D0C130101A161FF5009E9B68 /* Doe eens normaal (Maroc).mp3 in Resources */,
				8862F9671C66C232005F4585 /* John Bakker - Ja Goeie vraag eigenlijk.mp3 in Resources */,
				D0D4944717DA5F7E00F84243 /* tuut tuut.mp3 in Resources */,
				D0C130471A162B2E009E9B68 /* gat in de lucht.mp3 in Resources */,
				D0C130361A162B2E009E9B68 /* vliegen.mp3 in Resources */,
				8862F97F1C66C569005F4585 /* John Bakker - Ja kan je wel stellen ja.mp3 in Resources */,
				D0C1303B1A162B2E009E9B68 /* uit mijn hoofd.mp3 in Resources */,
				D0D4944817DA5F7E00F84243 /* winnaar.mp3 in Resources */,
				88B8562D1B681704006AC8BD /* koekeratsja.mp3 in Resources */,
				8862F9891C66C5B5005F4585 /* John Bakker - Ja doen we.mp3 in Resources */,
				D0C1303A1A162B2E009E9B68 /* kan beter.mp3 in Resources */,
				D0C130441A162B2E009E9B68 /* antwoord nee.mp3 in Resources */,
				D0D1950B1A405D26008341B1 /* lekkergewerkt.mp3 in Resources */,
				D0D4944917DA5F7E00F84243 /* yiehoe.mp3 in Resources */,
			);
			runOnlyForDeploymentPostprocessing = 0;
		};
/* End PBXResourcesBuildPhase section */

/* Begin PBXSourcesBuildPhase section */
		D0883DC717D7A57F00F613FA /* Sources */ = {
			isa = PBXSourcesBuildPhase;
			buildActionMask = 2147483647;
			files = (
				D0883DDB17D7A57F00F613FA /* main.m in Sources */,
				D0883DE217D7A57F00F613FA /* PKRAppDelegate.m in Sources */,
			);
			runOnlyForDeploymentPostprocessing = 0;
		};
/* End PBXSourcesBuildPhase section */

/* Begin PBXVariantGroup section */
		D0883DD717D7A57F00F613FA /* InfoPlist.strings */ = {
			isa = PBXVariantGroup;
			children = (
				D0883DD817D7A57F00F613FA /* en */,
			);
			name = InfoPlist.strings;
			sourceTree = "<group>";
		};
		D0883DDD17D7A57F00F613FA /* Credits.rtf */ = {
			isa = PBXVariantGroup;
			children = (
				D0883DDE17D7A57F00F613FA /* en */,
			);
			name = Credits.rtf;
			sourceTree = "<group>";
		};
		D0883DE317D7A57F00F613FA /* MainMenu.xib */ = {
			isa = PBXVariantGroup;
			children = (
				D0883DE417D7A57F00F613FA /* en */,
			);
			name = MainMenu.xib;
			sourceTree = "<group>";
		};
/* End PBXVariantGroup section */

/* Begin XCBuildConfiguration section */
		D0883DFA17D7A58000F613FA /* Debug */ = {
			isa = XCBuildConfiguration;
			buildSettings = {
				ALWAYS_SEARCH_USER_PATHS = NO;
				ARCHS = "$(ARCHS_STANDARD_64_BIT)";
				CLANG_CXX_LANGUAGE_STANDARD = "gnu++0x";
				CLANG_CXX_LIBRARY = "libc++";
				CLANG_ENABLE_OBJC_ARC = YES;
				CLANG_WARN_CONSTANT_CONVERSION = YES;
				CLANG_WARN_EMPTY_BODY = YES;
				CLANG_WARN_ENUM_CONVERSION = YES;
				CLANG_WARN_INT_CONVERSION = YES;
				CLANG_WARN__DUPLICATE_METHOD_MATCH = YES;
				COPY_PHASE_STRIP = NO;
				GCC_C_LANGUAGE_STANDARD = gnu99;
				GCC_DYNAMIC_NO_PIC = NO;
				GCC_ENABLE_OBJC_EXCEPTIONS = YES;
				GCC_OPTIMIZATION_LEVEL = 0;
				GCC_PREPROCESSOR_DEFINITIONS = (
					"DEBUG=1",
					"$(inherited)",
				);
				GCC_SYMBOLS_PRIVATE_EXTERN = NO;
				GCC_WARN_64_TO_32_BIT_CONVERSION = YES;
				GCC_WARN_ABOUT_RETURN_TYPE = YES;
				GCC_WARN_UNINITIALIZED_AUTOS = YES;
				GCC_WARN_UNUSED_VARIABLE = YES;
				MACOSX_DEPLOYMENT_TARGET = 10.8;
				ONLY_ACTIVE_ARCH = YES;
				SDKROOT = macosx;
			};
			name = Debug;
		};
		D0883DFB17D7A58000F613FA /* Release */ = {
			isa = XCBuildConfiguration;
			buildSettings = {
				ALWAYS_SEARCH_USER_PATHS = NO;
				ARCHS = "$(ARCHS_STANDARD_64_BIT)";
				CLANG_CXX_LANGUAGE_STANDARD = "gnu++0x";
				CLANG_CXX_LIBRARY = "libc++";
				CLANG_ENABLE_OBJC_ARC = YES;
				CLANG_WARN_CONSTANT_CONVERSION = YES;
				CLANG_WARN_EMPTY_BODY = YES;
				CLANG_WARN_ENUM_CONVERSION = YES;
				CLANG_WARN_INT_CONVERSION = YES;
				CLANG_WARN__DUPLICATE_METHOD_MATCH = YES;
				COPY_PHASE_STRIP = YES;
				DEBUG_INFORMATION_FORMAT = "dwarf-with-dsym";
				GCC_C_LANGUAGE_STANDARD = gnu99;
				GCC_ENABLE_OBJC_EXCEPTIONS = YES;
				GCC_WARN_64_TO_32_BIT_CONVERSION = YES;
				GCC_WARN_ABOUT_RETURN_TYPE = YES;
				GCC_WARN_UNINITIALIZED_AUTOS = YES;
				GCC_WARN_UNUSED_VARIABLE = YES;
				MACOSX_DEPLOYMENT_TARGET = 10.8;
				SDKROOT = macosx;
			};
			name = Release;
		};
		D0883DFD17D7A58000F613FA /* Debug */ = {
			isa = XCBuildConfiguration;
			buildSettings = {
				COMBINE_HIDPI_IMAGES = YES;
				GCC_PRECOMPILE_PREFIX_HEADER = YES;
				GCC_PREFIX_HEADER = "Hidde Says/Hidde Says-Prefix.pch";
				INFOPLIST_FILE = "Hidde Says/Hidde Says-Info.plist";
				PRODUCT_NAME = "$(TARGET_NAME)";
				WRAPPER_EXTENSION = app;
			};
			name = Debug;
		};
		D0883DFE17D7A58000F613FA /* Release */ = {
			isa = XCBuildConfiguration;
			buildSettings = {
				COMBINE_HIDPI_IMAGES = YES;
				GCC_PRECOMPILE_PREFIX_HEADER = YES;
				GCC_PREFIX_HEADER = "Hidde Says/Hidde Says-Prefix.pch";
				INFOPLIST_FILE = "Hidde Says/Hidde Says-Info.plist";
				PRODUCT_NAME = "$(TARGET_NAME)";
				WRAPPER_EXTENSION = app;
			};
			name = Release;
		};
/* End XCBuildConfiguration section */

/* Begin XCConfigurationList section */
		D0883DC617D7A57F00F613FA /* Build configuration list for PBXProject "Hidde Says" */ = {
			isa = XCConfigurationList;
			buildConfigurations = (
				D0883DFA17D7A58000F613FA /* Debug */,
				D0883DFB17D7A58000F613FA /* Release */,
			);
			defaultConfigurationIsVisible = 0;
			defaultConfigurationName = Release;
		};
		D0883DFC17D7A58000F613FA /* Build configuration list for PBXNativeTarget "Hidde Says" */ = {
			isa = XCConfigurationList;
			buildConfigurations = (
				D0883DFD17D7A58000F613FA /* Debug */,
				D0883DFE17D7A58000F613FA /* Release */,
			);
			defaultConfigurationIsVisible = 0;
			defaultConfigurationName = Release;
		};
/* End XCConfigurationList section */
	};
	rootObject = D0883DC317D7A57F00F613FA /* Project object */;
}
